
Microsoft Visual Studio Solution File, Format Version 12.00
# Visual Studio Version 17
VisualStudioVersion = 17.2.32519.379
MinimumVisualStudioVersion = 10.0.40219.1
Project("{8BC9CEB8-8B4A-11D0-8D11-00A0C91BC942}") = "capture_list", "Lamda\Lamda.vcxproj", "{6F06B517-901A-4D55-8B9E-9623D3C2485C}"
EndProject
Project("{8BC9CEB8-8B4A-11D0-8D11-00A0C91BC942}") = "vector", "vector\vector.vcxproj", "{BBC653C8-F84C-4193-BA1B-41034A91F4D0}"
EndProject
Project("{8BC9CEB8-8B4A-11D0-8D11-00A0C91BC942}") = "higherorder", "higherorder\higherorder.vcxproj", "{244670E5-619A-47AC-A597-196402937CC3}"
EndProject
Global
	GlobalSection(SolutionConfigurationPlatforms) = preSolution
		Debug|x64 = Debug|x64
		Debug|x86 = Debug|x86
		Release|x64 = Release|x64
		Release|x86 = Release|x86
	EndGlobalSection
	GlobalSection(ProjectConfigurationPlatforms) = postSolution
		{6F06B517-901A-4D55-8B9E-9623D3C2485C}.Debug|x64.ActiveCfg = Debug|x64
		{6F06B517-901A-4D55-8B9E-9623D3C2485C}.Debug|x64.Build.0 = Debug|x64
		{6F06B517-901A-4D55-8B9E-9623D3C2485C}.Debug|x86.ActiveCfg = Debug|Win32
		{6F06B517-901A-4D55-8B9E-9623D3C2485C}.Debug|x86.Build.0 = Debug|Win32
		{6F06B517-901A-4D55-8B9E-9623D3C2485C}.Release|x64.ActiveCfg = Release|x64
		{6F06B517-901A-4D55-8B9E-9623D3C2485C}.Release|x64.Build.0 = Release|x64
		{6F06B517-901A-4D55-8B9E-9623D3C2485C}.Release|x86.ActiveCfg = Release|Win32
		{6F06B517-901A-4D55-8B9E-9623D3C2485C}.Release|x86.Build.0 = Release|Win32
		{BBC653C8-F84C-4193-BA1B-41034A91F4D0}.Debug|x64.ActiveCfg = Debug|x64
		{BBC653C8-F84C-4193-BA1B-41034A91F4D0}.Debug|x64.Build.0 = Debug|x64
		{BBC653C8-F84C-4193-BA1B-41034A91F4D0}.Debug|x86.ActiveCfg = Debug|Win32
		{BBC653C8-F84C-4193-BA1B-41034A91F4D0}.Debug|x86.Build.0 = Debug|Win32
		{BBC653C8-F84C-4193-BA1B-41034A91F4D0}.Release|x64.ActiveCfg = Release|x64
		{BBC653C8-F84C-4193-BA1B-41034A91F4D0}.Release|x64.Build.0 = Release|x64
		{BBC653C8-F84C-4193-BA1B-41034A91F4D0}.Release|x86.ActiveCfg = Release|Win32
		{BBC653C8-F84C-4193-BA1B-41034A91F4D0}.Release|x86.Build.0 = Release|Win32
		{244670E5-619A-47AC-A597-196402937CC3}.Debug|x64.ActiveCfg = Debug|x64
		{244670E5-619A-47AC-A597-196402937CC3}.Debug|x64.Build.0 = Debug|x64
		{244670E5-619A-47AC-A597-196402937CC3}.Debug|x86.ActiveCfg = Debug|Win32
		{244670E5-619A-47AC-A597-196402937CC3}.Debug|x86.Build.0 = Debug|Win32
		{244670E5-619A-47AC-A597-196402937CC3}.Release|x64.ActiveCfg = Release|x64
		{244670E5-619A-47AC-A597-196402937CC3}.Release|x64.Build.0 = Release|x64
		{244670E5-619A-47AC-A597-196402937CC3}.Release|x86.ActiveCfg = Release|Win32
		{244670E5-619A-47AC-A597-196402937CC3}.Release|x86.Build.0 = Release|Win32
	EndGlobalSection
	GlobalSection(SolutionProperties) = preSolution
		HideSolutionNode = FALSE
	EndGlobalSection
	GlobalSection(ExtensibilityGlobals) = postSolution
		SolutionGuid = {2002F7F7-AAFA-4557-AA16-7770EB23D3E0}
	EndGlobalSection
EndGlobal
